# This file is automatically @generated by Cargo.
# It is not intended for manual editing.
version = 4

[[package]]
name = "luar-ast"
version = "0.0.0"

[[package]]
name = "luar-codegen"
version = "0.0.0"
dependencies = [
 "luar-lir",
]

[[package]]
name = "luar-driver"
version = "0.0.0"
dependencies = [
 "luar-ast",
 "luar-codegen",
 "luar-lexer",
 "luar-lir",
 "luar-parser",
 "luar-sema",
]

[[package]]
name = "luar-lexer"
version = "0.0.0"

[[package]]
name = "luar-lir"
version = "0.0.0"
dependencies = [
 "luar-sema",
]

[[package]]
name = "luar-parser"
version = "0.0.0"
dependencies = [
 "luar-ast",
 "luar-lexer",
]

[[package]]
name = "luar-sema"
version = "0.0.0"
dependencies = [
 "luar-ast",
]

[[package]]
name = "luarc"
version = "0.0.0"
dependencies = [
 "luar-driver",
]
